// !$*UTF8*$!
{
	archiveVersion = 1;
	classes = {
	};
	objectVersion = 54;
	objects = {

/* Begin PBXBuildFile section */
		0C2F9E2BDA4D4DD785A1B23E /* GitHubReleaseTests.swift in Sources */ = {isa = PBXBuildFile; fileRef = BCAF6DCADED36BECEAB690A2 /* GitHubReleaseTests.swift */; };
		353D182E99314687F206DA91 /* Cocoa.framework in Frameworks */ = {isa = PBXBuildFile; fileRef = FA2BDC1CEABF93DE10EEB770 /* Cocoa.framework */; };
		3CB99CC12166FC936AE4C52A /* AppVersion.swift in Sources */ = {isa = PBXBuildFile; fileRef = 47005B5C66AAA2BD505E8330 /* AppVersion.swift */; };
		5F6FDDFC774835D5E13956BA /* UpdateService.swift in Sources */ = {isa = PBXBuildFile; fileRef = 27A51EA4A88DC7FA86FDB49E /* UpdateService.swift */; };
		794014364F1E2F6CCAD36740 /* AppVersionTests.swift in Sources */ = {isa = PBXBuildFile; fileRef = F985D00E5375CA7F67F508D8 /* AppVersionTests.swift */; };
		895534F6D822FF07163E3AD6 /* UpdateAlertPresenter.swift in Sources */ = {isa = PBXBuildFile; fileRef = ABBA395B954BA774030DB43E /* UpdateAlertPresenter.swift */; };
		93456819BAC510C95E17AF09 /* ReleaseChecking.swift in Sources */ = {isa = PBXBuildFile; fileRef = 8441AD96C999AF6252A37A7E /* ReleaseChecking.swift */; };
		A4C0BAFB93B6E97E6D6D4786 /* GitHubRelease.swift in Sources */ = {isa = PBXBuildFile; fileRef = 4102973AD51C81BD8C2187EF /* GitHubRelease.swift */; };
		C713B00E260FA2FC001510D0 /* AppDelegate.swift in Sources */ = {isa = PBXBuildFile; fileRef = C713B00D260FA2FC001510D0 /* AppDelegate.swift */; };
		C713B010260FA2FC001510D0 /* ViewController.swift in Sources */ = {isa = PBXBuildFile; fileRef = C713B00F260FA2FC001510D0 /* ViewController.swift */; };
		C713B012260FA2FD001510D0 /* Assets.xcassets in Resources */ = {isa = PBXBuildFile; fileRef = C713B011260FA2FD001510D0 /* Assets.xcassets */; };
		C713B015260FA2FD001510D0 /* Main.storyboard in Resources */ = {isa = PBXBuildFile; fileRef = C713B013260FA2FD001510D0 /* Main.storyboard */; };
		C713B01F260FB7B7001510D0 /* CustomTableCell.swift in Sources */ = {isa = PBXBuildFile; fileRef = C713B01E260FB7B7001510D0 /* CustomTableCell.swift */; };
		C7946DB3261117FF001FB632 /* DirectoryMonitor.swift in Sources */ = {isa = PBXBuildFile; fileRef = C7946DB2261117FF001FB632 /* DirectoryMonitor.swift */; };
		C7946DB62613E572001FB632 /* FileWatch.swift in Sources */ = {isa = PBXBuildFile; fileRef = C7946DB52613E572001FB632 /* FileWatch.swift */; };
		C7ABF38026225E5300F71C40 /* MessageViewController.swift in Sources */ = {isa = PBXBuildFile; fileRef = C7ABF37E26225E5300F71C40 /* MessageViewController.swift */; };
		C7D8F34226151BCE0027726E /* EonilFSEvents in Frameworks */ = {isa = PBXBuildFile; productRef = C7D8F34126151BCE0027726E /* EonilFSEvents */; };
		E1B4DEFADBDC0A943EFE95A5 /* UpdateController.swift in Sources */ = {isa = PBXBuildFile; fileRef = 2A685B66FD9563C0E6F6BD75 /* UpdateController.swift */; };
		E7F00AB5A28C72272399DDF1 /* UpdateServiceTests.swift in Sources */ = {isa = PBXBuildFile; fileRef = 5843E8F5FB7278CB092A4545 /* UpdateServiceTests.swift */; };
/* End PBXBuildFile section */

/* Begin PBXContainerItemProxy section */
		B5CC68641E758CF450E331FB /* PBXContainerItemProxy */ = {
			isa = PBXContainerItemProxy;
			containerPortal = C713B002260FA2FC001510D0 /* Project object */;
			proxyType = 1;
			remoteGlobalIDString = C713B009260FA2FC001510D0;
			remoteInfo = FileWatch;
		};
/* End PBXContainerItemProxy section */

/* Begin PBXFileReference section */
		27A51EA4A88DC7FA86FDB49E /* UpdateService.swift */ = {isa = PBXFileReference; includeInIndex = 1; lastKnownFileType = sourcecode.swift; path = UpdateService.swift; sourceTree = "<group>"; };
		2A685B66FD9563C0E6F6BD75 /* UpdateController.swift */ = {isa = PBXFileReference; includeInIndex = 1; lastKnownFileType = sourcecode.swift; path = UpdateController.swift; sourceTree = "<group>"; };
		4102973AD51C81BD8C2187EF /* GitHubRelease.swift */ = {isa = PBXFileReference; includeInIndex = 1; lastKnownFileType = sourcecode.swift; path = GitHubRelease.swift; sourceTree = "<group>"; };
		47005B5C66AAA2BD505E8330 /* AppVersion.swift */ = {isa = PBXFileReference; includeInIndex = 1; lastKnownFileType = sourcecode.swift; path = AppVersion.swift; sourceTree = "<group>"; };
		5843E8F5FB7278CB092A4545 /* UpdateServiceTests.swift */ = {isa = PBXFileReference; includeInIndex = 1; lastKnownFileType = sourcecode.swift; path = UpdateServiceTests.swift; sourceTree = "<group>"; };
		8441AD96C999AF6252A37A7E /* ReleaseChecking.swift */ = {isa = PBXFileReference; includeInIndex = 1; lastKnownFileType = sourcecode.swift; path = ReleaseChecking.swift; sourceTree = "<group>"; };
		ABBA395B954BA774030DB43E /* UpdateAlertPresenter.swift */ = {isa = PBXFileReference; includeInIndex = 1; lastKnownFileType = sourcecode.swift; path = UpdateAlertPresenter.swift; sourceTree = "<group>"; };
		BCAF6DCADED36BECEAB690A2 /* GitHubReleaseTests.swift */ = {isa = PBXFileReference; includeInIndex = 1; lastKnownFileType = sourcecode.swift; path = GitHubReleaseTests.swift; sourceTree = "<group>"; };
		C713B00A260FA2FC001510D0 /* FileWatch.app */ = {isa = PBXFileReference; explicitFileType = wrapper.application; includeInIndex = 0; path = FileWatch.app; sourceTree = BUILT_PRODUCTS_DIR; };
		C713B00D260FA2FC001510D0 /* AppDelegate.swift */ = {isa = PBXFileReference; lastKnownFileType = sourcecode.swift; path = AppDelegate.swift; sourceTree = "<group>"; };
		C713B00F260FA2FC001510D0 /* ViewController.swift */ = {isa = PBXFileReference; lastKnownFileType = sourcecode.swift; path = ViewController.swift; sourceTree = "<group>"; };
		C713B011260FA2FD001510D0 /* Assets.xcassets */ = {isa = PBXFileReference; lastKnownFileType = folder.assetcatalog; path = Assets.xcassets; sourceTree = "<group>"; };
		C713B014260FA2FD001510D0 /* Base */ = {isa = PBXFileReference; lastKnownFileType = file.storyboard; name = Base; path = Base.lproj/Main.storyboard; sourceTree = "<group>"; };
		C713B016260FA2FD001510D0 /* Info.plist */ = {isa = PBXFileReference; lastKnownFileType = text.plist.xml; path = Info.plist; sourceTree = "<group>"; };
		C713B017260FA2FD001510D0 /* FileWatch.entitlements */ = {isa = PBXFileReference; lastKnownFileType = text.plist.entitlements; path = FileWatch.entitlements; sourceTree = "<group>"; };
		C713B01E260FB7B7001510D0 /* CustomTableCell.swift */ = {isa = PBXFileReference; lastKnownFileType = sourcecode.swift; path = CustomTableCell.swift; sourceTree = "<group>"; };
		C7946DB2261117FF001FB632 /* DirectoryMonitor.swift */ = {isa = PBXFileReference; lastKnownFileType = sourcecode.swift; path = DirectoryMonitor.swift; sourceTree = "<group>"; };
		C7946DB52613E572001FB632 /* FileWatch.swift */ = {isa = PBXFileReference; lastKnownFileType = sourcecode.swift; path = FileWatch.swift; sourceTree = "<group>"; };
		C7ABF37E26225E5300F71C40 /* MessageViewController.swift */ = {isa = PBXFileReference; lastKnownFileType = sourcecode.swift; path = MessageViewController.swift; sourceTree = "<group>"; };
		D76B8AB4B2352EEFE0C5362D /* FileWatchTests.xctest */ = {isa = PBXFileReference; explicitFileType = wrapper.cfbundle; includeInIndex = 0; path = FileWatchTests.xctest; sourceTree = BUILT_PRODUCTS_DIR; };
		F985D00E5375CA7F67F508D8 /* AppVersionTests.swift */ = {isa = PBXFileReference; includeInIndex = 1; lastKnownFileType = sourcecode.swift; path = AppVersionTests.swift; sourceTree = "<group>"; };
		FA2BDC1CEABF93DE10EEB770 /* Cocoa.framework */ = {isa = PBXFileReference; lastKnownFileType = wrapper.framework; name = Cocoa.framework; path = Platforms/MacOSX.platform/Developer/SDKs/MacOSX26.0.sdk/System/Library/Frameworks/Cocoa.framework; sourceTree = DEVELOPER_DIR; };
/* End PBXFileReference section */

/* Begin PBXFrameworksBuildPhase section */
		C713B007260FA2FC001510D0 /* Frameworks */ = {
			isa = PBXFrameworksBuildPhase;
			buildActionMask = 2147483647;
			files = (
				C7D8F34226151BCE0027726E /* EonilFSEvents in Frameworks */,
			);
			runOnlyForDeploymentPostprocessing = 0;
		};
		D8ADEAC50F77C16618FBFD5F /* Frameworks */ = {
			isa = PBXFrameworksBuildPhase;
			buildActionMask = 2147483647;
			files = (
				353D182E99314687F206DA91 /* Cocoa.framework in Frameworks */,
			);
			runOnlyForDeploymentPostprocessing = 0;
		};
/* End PBXFrameworksBuildPhase section */

/* Begin PBXGroup section */
		29ABAAF1AF1B1DA7F67AE9E3 /* Frameworks */ = {
			isa = PBXGroup;
			children = (
				F2B7644AEACB65CE7C041CE2 /* OS X */,
			);
			name = Frameworks;
			sourceTree = "<group>";
		};
		581868F83C3E354DAD702B50 /* FileWatchTests */ = {
			isa = PBXGroup;
			children = (
				F985D00E5375CA7F67F508D8 /* AppVersionTests.swift */,
				BCAF6DCADED36BECEAB690A2 /* GitHubReleaseTests.swift */,
				5843E8F5FB7278CB092A4545 /* UpdateServiceTests.swift */,
			);
			path = FileWatchTests;
			sourceTree = "<group>";
		};
		C713B001260FA2FC001510D0 = {
			isa = PBXGroup;
			children = (
				C7946DB52613E572001FB632 /* FileWatch.swift */,
				C713B00C260FA2FC001510D0 /* FileWatch */,
				C713B00B260FA2FC001510D0 /* Products */,
				29ABAAF1AF1B1DA7F67AE9E3 /* Frameworks */,
				581868F83C3E354DAD702B50 /* FileWatchTests */,
			);
			sourceTree = "<group>";
		};
		C713B00B260FA2FC001510D0 /* Products */ = {
			isa = PBXGroup;
			children = (
				C713B00A260FA2FC001510D0 /* FileWatch.app */,
				D76B8AB4B2352EEFE0C5362D /* FileWatchTests.xctest */,
			);
			name = Products;
			sourceTree = "<group>";
		};
		C713B00C260FA2FC001510D0 /* FileWatch */ = {
			isa = PBXGroup;
			children = (
				C713B00D260FA2FC001510D0 /* AppDelegate.swift */,
				C7ABF37E26225E5300F71C40 /* MessageViewController.swift */,
				C7946DB2261117FF001FB632 /* DirectoryMonitor.swift */,
				C713B00F260FA2FC001510D0 /* ViewController.swift */,
				C713B01E260FB7B7001510D0 /* CustomTableCell.swift */,
				C713B011260FA2FD001510D0 /* Assets.xcassets */,
				C713B013260FA2FD001510D0 /* Main.storyboard */,
				C713B016260FA2FD001510D0 /* Info.plist */,
				C713B017260FA2FD001510D0 /* FileWatch.entitlements */,
				47005B5C66AAA2BD505E8330 /* AppVersion.swift */,
				4102973AD51C81BD8C2187EF /* GitHubRelease.swift */,
				8441AD96C999AF6252A37A7E /* ReleaseChecking.swift */,
				27A51EA4A88DC7FA86FDB49E /* UpdateService.swift */,
				ABBA395B954BA774030DB43E /* UpdateAlertPresenter.swift */,
				2A685B66FD9563C0E6F6BD75 /* UpdateController.swift */,
			);
			path = FileWatch;
			sourceTree = "<group>";
		};
		F2B7644AEACB65CE7C041CE2 /* OS X */ = {
			isa = PBXGroup;
			children = (
				FA2BDC1CEABF93DE10EEB770 /* Cocoa.framework */,
			);
			name = "OS X";
			sourceTree = "<group>";
		};
/* End PBXGroup section */

/* Begin PBXNativeTarget section */
		C713B009260FA2FC001510D0 /* FileWatch */ = {
			isa = PBXNativeTarget;
			buildConfigurationList = C713B01A260FA2FD001510D0 /* Build configuration list for PBXNativeTarget "FileWatch" */;
			buildPhases = (
				C713B006260FA2FC001510D0 /* Sources */,
				C713B007260FA2FC001510D0 /* Frameworks */,
				C713B008260FA2FC001510D0 /* Resources */,
			);
			buildRules = (
			);
			dependencies = (
			);
			name = FileWatch;
			packageProductDependencies = (
				C7D8F34126151BCE0027726E /* EonilFSEvents */,
			);
			productName = FileWatch;
			productReference = C713B00A260FA2FC001510D0 /* FileWatch.app */;
			productType = "com.apple.product-type.application";
		};
		CE7EF45598E22846532204CE /* FileWatchTests */ = {
			isa = PBXNativeTarget;
			buildConfigurationList = 7932F148D205B3DABE6838BF /* Build configuration list for PBXNativeTarget "FileWatchTests" */;
			buildPhases = (
				9696C12661A0103662EC7807 /* Sources */,
				D8ADEAC50F77C16618FBFD5F /* Frameworks */,
				C8B852ED632AA5F30C8D1FB3 /* Resources */,
			);
			buildRules = (
			);
			dependencies = (
				16F6234D356109BE15B12E5E /* PBXTargetDependency */,
			);
			name = FileWatchTests;
			productName = FileWatchTests;
			productReference = D76B8AB4B2352EEFE0C5362D /* FileWatchTests.xctest */;
			productType = "com.apple.product-type.bundle.unit-test";
		};
/* End PBXNativeTarget section */

/* Begin PBXProject section */
		C713B002260FA2FC001510D0 /* Project object */ = {
			isa = PBXProject;
			attributes = {
				LastSwiftUpdateCheck = 1240;
				LastUpgradeCheck = 1240;
				TargetAttributes = {
					C713B009260FA2FC001510D0 = {
						CreatedOnToolsVersion = 12.4;
					};
				};
			};
			buildConfigurationList = C713B005260FA2FC001510D0 /* Build configuration list for PBXProject "FileWatch" */;
			compatibilityVersion = "Xcode 9.3";
			developmentRegion = en;
			hasScannedForEncodings = 0;
			knownRegions = (
				en,
				Base,
			);
			mainGroup = C713B001260FA2FC001510D0;
			packageReferences = (
				C7D8F34026151BCE0027726E /* XCLocalSwiftPackageReference "Packages/EonilFSEvents" */,
			);
			productRefGroup = C713B00B260FA2FC001510D0 /* Products */;
			projectDirPath = "";
			projectRoot = "";
			targets = (
				C713B009260FA2FC001510D0 /* FileWatch */,
				CE7EF45598E22846532204CE /* FileWatchTests */,
			);
		};
/* End PBXProject section */

/* Begin PBXResourcesBuildPhase section */
		C713B008260FA2FC001510D0 /* Resources */ = {
			isa = PBXResourcesBuildPhase;
			buildActionMask = 2147483647;
			files = (
				C713B012260FA2FD001510D0 /* Assets.xcassets in Resources */,
				C713B015260FA2FD001510D0 /* Main.storyboard in Resources */,
			);
			runOnlyForDeploymentPostprocessing = 0;
		};
		C8B852ED632AA5F30C8D1FB3 /* Resources */ = {
			isa = PBXResourcesBuildPhase;
			buildActionMask = 2147483647;
			files = (
			);
			runOnlyForDeploymentPostprocessing = 0;
		};
/* End PBXResourcesBuildPhase section */

/* Begin PBXSourcesBuildPhase section */
		9696C12661A0103662EC7807 /* Sources */ = {
			isa = PBXSourcesBuildPhase;
			buildActionMask = 2147483647;
			files = (
				794014364F1E2F6CCAD36740 /* AppVersionTests.swift in Sources */,
				0C2F9E2BDA4D4DD785A1B23E /* GitHubReleaseTests.swift in Sources */,
				E7F00AB5A28C72272399DDF1 /* UpdateServiceTests.swift in Sources */,
			);
			runOnlyForDeploymentPostprocessing = 0;
		};
		C713B006260FA2FC001510D0 /* Sources */ = {
			isa = PBXSourcesBuildPhase;
			buildActionMask = 2147483647;
			files = (
				C713B010260FA2FC001510D0 /* ViewController.swift in Sources */,
				C713B00E260FA2FC001510D0 /* AppDelegate.swift in Sources */,
				C7946DB3261117FF001FB632 /* DirectoryMonitor.swift in Sources */,
				C713B01F260FB7B7001510D0 /* CustomTableCell.swift in Sources */,
				C7ABF38026225E5300F71C40 /* MessageViewController.swift in Sources */,
				C7946DB62613E572001FB632 /* FileWatch.swift in Sources */,
				3CB99CC12166FC936AE4C52A /* AppVersion.swift in Sources */,
				A4C0BAFB93B6E97E6D6D4786 /* GitHubRelease.swift in Sources */,
				93456819BAC510C95E17AF09 /* ReleaseChecking.swift in Sources */,
				5F6FDDFC774835D5E13956BA /* UpdateService.swift in Sources */,
				895534F6D822FF07163E3AD6 /* UpdateAlertPresenter.swift in Sources */,
				E1B4DEFADBDC0A943EFE95A5 /* UpdateController.swift in Sources */,
			);
			runOnlyForDeploymentPostprocessing = 0;
		};
/* End PBXSourcesBuildPhase section */

/* Begin PBXTargetDependency section */
		16F6234D356109BE15B12E5E /* PBXTargetDependency */ = {
			isa = PBXTargetDependency;
			name = FileWatch;
			target = C713B009260FA2FC001510D0 /* FileWatch */;
			targetProxy = B5CC68641E758CF450E331FB /* PBXContainerItemProxy */;
		};
/* End PBXTargetDependency section */

/* Begin PBXVariantGroup section */
		C713B013260FA2FD001510D0 /* Main.storyboard */ = {
			isa = PBXVariantGroup;
			children = (
				C713B014260FA2FD001510D0 /* Base */,
			);
			name = Main.storyboard;
			sourceTree = "<group>";
		};
/* End PBXVariantGroup section */

/* Begin XCBuildConfiguration section */
		39594BB1806FE90C40243270 /* Debug */ = {
			isa = XCBuildConfiguration;
			buildSettings = {
				BUNDLE_LOADER = "$(TEST_HOST)";
				CODE_SIGN_STYLE = Automatic;
				DEVELOPMENT_TEAM = FP5KVVVJLP;
				GENERATE_INFOPLIST_FILE = YES;
				LD_RUNPATH_SEARCH_PATHS = (
					"$(inherited)",
					"@executable_path/../Frameworks",
					"@loader_path/../Frameworks",
				);
				MACOSX_DEPLOYMENT_TARGET = 14.0;
				PRODUCT_BUNDLE_IDENTIFIER = kloosterman.eu.FileWatchTests;
				PRODUCT_NAME = "$(TARGET_NAME)";
				SDKROOT = macosx;
				SWIFT_EMIT_LOC_STRINGS = NO;
				SWIFT_VERSION = 5.0;
				TEST_HOST = "$(BUILT_PRODUCTS_DIR)/FileWatch.app/Contents/MacOS/FileWatch";
			};
			name = Debug;
		};
		459E95D6F4501678DD48510F /* Release */ = {
			isa = XCBuildConfiguration;
			buildSettings = {
				BUNDLE_LOADER = "$(TEST_HOST)";
				CODE_SIGN_STYLE = Automatic;
				DEVELOPMENT_TEAM = FP5KVVVJLP;
				GENERATE_INFOPLIST_FILE = YES;
				LD_RUNPATH_SEARCH_PATHS = (
					"$(inherited)",
					"@executable_path/../Frameworks",
					"@loader_path/../Frameworks",
				);
				MACOSX_DEPLOYMENT_TARGET = 14.0;
				PRODUCT_BUNDLE_IDENTIFIER = kloosterman.eu.FileWatchTests;
				PRODUCT_NAME = "$(TARGET_NAME)";
				SDKROOT = macosx;
				SWIFT_EMIT_LOC_STRINGS = NO;
				SWIFT_VERSION = 5.0;
				TEST_HOST = "$(BUILT_PRODUCTS_DIR)/FileWatch.app/Contents/MacOS/FileWatch";
			};
			name = Release;
		};
		C713B018260FA2FD001510D0 /* Debug */ = {
			isa = XCBuildConfiguration;
			buildSettings = {
				ALWAYS_SEARCH_USER_PATHS = NO;
				CLANG_ANALYZER_NONNULL = YES;
				CLANG_ANALYZER_NUMBER_OBJECT_CONVERSION = YES_AGGRESSIVE;
				CLANG_CXX_LANGUAGE_STANDARD = "gnu++14";
				CLANG_CXX_LIBRARY = "libc++";
				CLANG_ENABLE_MODULES = YES;
				CLANG_ENABLE_OBJC_ARC = YES;
				CLANG_ENABLE_OBJC_WEAK = YES;
				CLANG_WARN_BLOCK_CAPTURE_AUTORELEASING = YES;
				CLANG_WARN_BOOL_CONVERSION = YES;
				CLANG_WARN_COMMA = YES;
				CLANG_WARN_CONSTANT_CONVERSION = YES;
				CLANG_WARN_DEPRECATED_OBJC_IMPLEMENTATIONS = YES;
				CLANG_WARN_DIRECT_OBJC_ISA_USAGE = YES_ERROR;
				CLANG_WARN_DOCUMENTATION_COMMENTS = YES;
				CLANG_WARN_EMPTY_BODY = YES;
				CLANG_WARN_ENUM_CONVERSION = YES;
				CLANG_WARN_INFINITE_RECURSION = YES;
				CLANG_WARN_INT_CONVERSION = YES;
				CLANG_WARN_NON_LITERAL_NULL_CONVERSION = YES;
				CLANG_WARN_OBJC_IMPLICIT_RETAIN_SELF = YES;
				CLANG_WARN_OBJC_LITERAL_CONVERSION = YES;
				CLANG_WARN_OBJC_ROOT_CLASS = YES_ERROR;
				CLANG_WARN_QUOTED_INCLUDE_IN_FRAMEWORK_HEADER = YES;
				CLANG_WARN_RANGE_LOOP_ANALYSIS = YES;
				CLANG_WARN_STRICT_PROTOTYPES = YES;
				CLANG_WARN_SUSPICIOUS_MOVE = YES;
				CLANG_WARN_UNGUARDED_AVAILABILITY = YES_AGGRESSIVE;
				CLANG_WARN_UNREACHABLE_CODE = YES;
				CLANG_WARN__DUPLICATE_METHOD_MATCH = YES;
				COPY_PHASE_STRIP = NO;
				DEBUG_INFORMATION_FORMAT = dwarf;
				ENABLE_STRICT_OBJC_MSGSEND = YES;
				ENABLE_TESTABILITY = YES;
				GCC_C_LANGUAGE_STANDARD = gnu11;
				GCC_DYNAMIC_NO_PIC = NO;
				GCC_NO_COMMON_BLOCKS = YES;
				GCC_OPTIMIZATION_LEVEL = 0;
				GCC_PREPROCESSOR_DEFINITIONS = (
					"DEBUG=1",
					"$(inherited)",
				);
				GCC_WARN_64_TO_32_BIT_CONVERSION = YES;
				GCC_WARN_ABOUT_RETURN_TYPE = YES_ERROR;
				GCC_WARN_UNDECLARED_SELECTOR = YES;
				GCC_WARN_UNINITIALIZED_AUTOS = YES_AGGRESSIVE;
				GCC_WARN_UNUSED_FUNCTION = YES;
				GCC_WARN_UNUSED_VARIABLE = YES;
				MACOSX_DEPLOYMENT_TARGET = 11.1;
				MTL_ENABLE_DEBUG_INFO = INCLUDE_SOURCE;
				MTL_FAST_MATH = YES;
				ONLY_ACTIVE_ARCH = YES;
				SDKROOT = macosx;
				SWIFT_ACTIVE_COMPILATION_CONDITIONS = DEBUG;
				SWIFT_OPTIMIZATION_LEVEL = "-Onone";
			};
			name = Debug;
		};
		C713B019260FA2FD001510D0 /* Release */ = {
			isa = XCBuildConfiguration;
			buildSettings = {
				ALWAYS_SEARCH_USER_PATHS = NO;
				CLANG_ANALYZER_NONNULL = YES;
				CLANG_ANALYZER_NUMBER_OBJECT_CONVERSION = YES_AGGRESSIVE;
				CLANG_CXX_LANGUAGE_STANDARD = "gnu++14";
				CLANG_CXX_LIBRARY = "libc++";
				CLANG_ENABLE_MODULES = YES;
				CLANG_ENABLE_OBJC_ARC = YES;
				CLANG_ENABLE_OBJC_WEAK = YES;
				CLANG_WARN_BLOCK_CAPTURE_AUTORELEASING = YES;
				CLANG_WARN_BOOL_CONVERSION = YES;
				CLANG_WARN_COMMA = YES;
				CLANG_WARN_CONSTANT_CONVERSION = YES;
				CLANG_WARN_DEPRECATED_OBJC_IMPLEMENTATIONS = YES;
				CLANG_WARN_DIRECT_OBJC_ISA_USAGE = YES_ERROR;
				CLANG_WARN_DOCUMENTATION_COMMENTS = YES;
				CLANG_WARN_EMPTY_BODY = YES;
				CLANG_WARN_ENUM_CONVERSION = YES;
				CLANG_WARN_INFINITE_RECURSION = YES;
				CLANG_WARN_INT_CONVERSION = YES;
				CLANG_WARN_NON_LITERAL_NULL_CONVERSION = YES;
				CLANG_WARN_OBJC_IMPLICIT_RETAIN_SELF = YES;
				CLANG_WARN_OBJC_LITERAL_CONVERSION = YES;
				CLANG_WARN_OBJC_ROOT_CLASS = YES_ERROR;
				CLANG_WARN_QUOTED_INCLUDE_IN_FRAMEWORK_HEADER = YES;
				CLANG_WARN_RANGE_LOOP_ANALYSIS = YES;
				CLANG_WARN_STRICT_PROTOTYPES = YES;
				CLANG_WARN_SUSPICIOUS_MOVE = YES;
				CLANG_WARN_UNGUARDED_AVAILABILITY = YES_AGGRESSIVE;
				CLANG_WARN_UNREACHABLE_CODE = YES;
				CLANG_WARN__DUPLICATE_METHOD_MATCH = YES;
				COPY_PHASE_STRIP = NO;
				DEBUG_INFORMATION_FORMAT = "dwarf-with-dsym";
				ENABLE_NS_ASSERTIONS = NO;
				ENABLE_STRICT_OBJC_MSGSEND = YES;
				GCC_C_LANGUAGE_STANDARD = gnu11;
				GCC_NO_COMMON_BLOCKS = YES;
				GCC_WARN_64_TO_32_BIT_CONVERSION = YES;
				GCC_WARN_ABOUT_RETURN_TYPE = YES_ERROR;
				GCC_WARN_UNDECLARED_SELECTOR = YES;
				GCC_WARN_UNINITIALIZED_AUTOS = YES_AGGRESSIVE;
				GCC_WARN_UNUSED_FUNCTION = YES;
				GCC_WARN_UNUSED_VARIABLE = YES;
				MACOSX_DEPLOYMENT_TARGET = 11.1;
				MTL_ENABLE_DEBUG_INFO = NO;
				MTL_FAST_MATH = YES;
				SDKROOT = macosx;
				SWIFT_COMPILATION_MODE = wholemodule;
				SWIFT_OPTIMIZATION_LEVEL = "-O";
			};
			name = Release;
		};
		C713B01B260FA2FD001510D0 /* Debug */ = {
			isa = XCBuildConfiguration;
			buildSettings = {
				ASSETCATALOG_COMPILER_APPICON_NAME = AppIcon;
				ASSETCATALOG_COMPILER_GLOBAL_ACCENT_COLOR_NAME = AccentColor;
				CODE_SIGN_ENTITLEMENTS = FileWatch/FileWatch.entitlements;
				"CODE_SIGN_IDENTITY[sdk=macosx*]" = "Apple Development";
				CODE_SIGN_STYLE = Automatic;
				COMBINE_HIDPI_IMAGES = YES;
				CURRENT_PROJECT_VERSION = 4;
				DEVELOPMENT_TEAM = FP5KVVVJLP;
				ENABLE_HARDENED_RUNTIME = YES;
				INFOPLIST_FILE = FileWatch/Info.plist;
				LD_RUNPATH_SEARCH_PATHS = (
					"$(inherited)",
					"@executable_path/../Frameworks",
				);
				MARKETING_VERSION = 1.2.4;
				PRODUCT_BUNDLE_IDENTIFIER = kloosterman.eu.FileWatch;
				PRODUCT_NAME = "$(TARGET_NAME)";
				SWIFT_VERSION = 5.0;
			};
			name = Debug;
		};
		C713B01C260FA2FD001510D0 /* Release */ = {
			isa = XCBuildConfiguration;
			buildSettings = {
				ASSETCATALOG_COMPILER_APPICON_NAME = AppIcon;
				ASSETCATALOG_COMPILER_GLOBAL_ACCENT_COLOR_NAME = AccentColor;
				CODE_SIGN_ENTITLEMENTS = FileWatch/FileWatch.entitlements;
				"CODE_SIGN_IDENTITY[sdk=macosx*]" = "Apple Development";
				CODE_SIGN_STYLE = Automatic;
				COMBINE_HIDPI_IMAGES = YES;
				CURRENT_PROJECT_VERSION = 4;
				DEVELOPMENT_TEAM = FP5KVVVJLP;
				ENABLE_HARDENED_RUNTIME = YES;
				INFOPLIST_FILE = FileWatch/Info.plist;
				LD_RUNPATH_SEARCH_PATHS = (
					"$(inherited)",
					"@executable_path/../Frameworks",
				);
				MARKETING_VERSION = 1.2.4;
				PRODUCT_BUNDLE_IDENTIFIER = kloosterman.eu.FileWatch;
				PRODUCT_NAME = "$(TARGET_NAME)";
				SWIFT_VERSION = 5.0;
			};
			name = Release;
		};
/* End XCBuildConfiguration section */

/* Begin XCConfigurationList section */
		7932F148D205B3DABE6838BF /* Build configuration list for PBXNativeTarget "FileWatchTests" */ = {
			isa = XCConfigurationList;
			buildConfigurations = (
				459E95D6F4501678DD48510F /* Release */,
				39594BB1806FE90C40243270 /* Debug */,
			);
			defaultConfigurationIsVisible = 0;
			defaultConfigurationName = Release;
		};
		C713B005260FA2FC001510D0 /* Build configuration list for PBXProject "FileWatch" */ = {
			isa = XCConfigurationList;
			buildConfigurations = (
				C713B018260FA2FD001510D0 /* Debug */,
				C713B019260FA2FD001510D0 /* Release */,
			);
			defaultConfigurationIsVisible = 0;
			defaultConfigurationName = Release;
		};
		C713B01A260FA2FD001510D0 /* Build configuration list for PBXNativeTarget "FileWatch" */ = {
			isa = XCConfigurationList;
			buildConfigurations = (
				C713B01B260FA2FD001510D0 /* Debug */,
				C713B01C260FA2FD001510D0 /* Release */,
			);
			defaultConfigurationIsVisible = 0;
			defaultConfigurationName = Release;
		};
/* End XCConfigurationList section */

/* Begin XCLocalSwiftPackageReference section */
		C7D8F34026151BCE0027726E /* XCLocalSwiftPackageReference "Packages/EonilFSEvents" */ = {
			isa = XCLocalSwiftPackageReference;
			relativePath = Packages/EonilFSEvents;
		};
/* End XCLocalSwiftPackageReference section */

/* Begin XCSwiftPackageProductDependency section */
		C7D8F34126151BCE0027726E /* EonilFSEvents */ = {
			isa = XCSwiftPackageProductDependency;
			package = C7D8F34026151BCE0027726E /* XCLocalSwiftPackageReference "Packages/EonilFSEvents" */;
			productName = EonilFSEvents;
		};
/* End XCSwiftPackageProductDependency section */
	};
	rootObject = C713B002260FA2FC001510D0 /* Project object */;
}
