// !$*UTF8*$!
{
	archiveVersion = 1;
	classes = {
	};
	objectVersion = 52;
	objects = {

/* Begin PBXBuildFile section */
		C713B00E260FA2FC001510D0 /* AppDelegate.swift in Sources */ = {isa = PBXBuildFile; fileRef = C713B00D260FA2FC001510D0 /* AppDelegate.swift */; };
		C713B010260FA2FC001510D0 /* ViewController.swift in Sources */ = {isa = PBXBuildFile; fileRef = C713B00F260FA2FC001510D0 /* ViewController.swift */; };
		C713B012260FA2FD001510D0 /* Assets.xcassets in Resources */ = {isa = PBXBuildFile; fileRef = C713B011260FA2FD001510D0 /* Assets.xcassets */; };
		C713B015260FA2FD001510D0 /* Main.storyboard in Resources */ = {isa = PBXBuildFile; fileRef = C713B013260FA2FD001510D0 /* Main.storyboard */; };
		C713B01F260FB7B7001510D0 /* CustomTableCell.swift in Sources */ = {isa = PBXBuildFile; fileRef = C713B01E260FB7B7001510D0 /* CustomTableCell.swift */; };
		C7946DB3261117FF001FB632 /* DirectoryMonitor.swift in Sources */ = {isa = PBXBuildFile; fileRef = C7946DB2261117FF001FB632 /* DirectoryMonitor.swift */; };
		C7946DB62613E572001FB632 /* FileWatch.swift in Sources */ = {isa = PBXBuildFile; fileRef = C7946DB52613E572001FB632 /* FileWatch.swift */; };
		C7ABF38026225E5300F71C40 /* MessageViewController.swift in Sources */ = {isa = PBXBuildFile; fileRef = C7ABF37E26225E5300F71C40 /* MessageViewController.swift */; };
		C7D8F33E2613F5E80027726E /* EonilFSEvents in Resources */ = {isa = PBXBuildFile; fileRef = C7D8F33D2613F5E80027726E /* EonilFSEvents */; };
		C7D8F34226151BCE0027726E /* EonilFSEvents in Frameworks */ = {isa = PBXBuildFile; productRef = C7D8F34126151BCE0027726E /* EonilFSEvents */; };
/* End PBXBuildFile section */

/* Begin PBXFileReference section */
		C713B00A260FA2FC001510D0 /* FileWatch.app */ = {isa = PBXFileReference; explicitFileType = wrapper.application; includeInIndex = 0; path = FileWatch.app; sourceTree = BUILT_PRODUCTS_DIR; };
		C713B00D260FA2FC001510D0 /* AppDelegate.swift */ = {isa = PBXFileReference; lastKnownFileType = sourcecode.swift; path = AppDelegate.swift; sourceTree = "<group>"; };
		C713B00F260FA2FC001510D0 /* ViewController.swift */ = {isa = PBXFileReference; lastKnownFileType = sourcecode.swift; path = ViewController.swift; sourceTree = "<group>"; };
		C713B011260FA2FD001510D0 /* Assets.xcassets */ = {isa = PBXFileReference; lastKnownFileType = folder.assetcatalog; path = Assets.xcassets; sourceTree = "<group>"; };
		C713B014260FA2FD001510D0 /* Base */ = {isa = PBXFileReference; lastKnownFileType = file.storyboard; name = Base; path = Base.lproj/Main.storyboard; sourceTree = "<group>"; };
		C713B016260FA2FD001510D0 /* Info.plist */ = {isa = PBXFileReference; lastKnownFileType = text.plist.xml; path = Info.plist; sourceTree = "<group>"; };
		C713B017260FA2FD001510D0 /* FileWatch.entitlements */ = {isa = PBXFileReference; lastKnownFileType = text.plist.entitlements; path = FileWatch.entitlements; sourceTree = "<group>"; };
		C713B01E260FB7B7001510D0 /* CustomTableCell.swift */ = {isa = PBXFileReference; lastKnownFileType = sourcecode.swift; path = CustomTableCell.swift; sourceTree = "<group>"; };
		C7946DB2261117FF001FB632 /* DirectoryMonitor.swift */ = {isa = PBXFileReference; lastKnownFileType = sourcecode.swift; path = DirectoryMonitor.swift; sourceTree = "<group>"; };
		C7946DB52613E572001FB632 /* FileWatch.swift */ = {isa = PBXFileReference; lastKnownFileType = sourcecode.swift; path = FileWatch.swift; sourceTree = "<group>"; };
		C7ABF37E26225E5300F71C40 /* MessageViewController.swift */ = {isa = PBXFileReference; lastKnownFileType = sourcecode.swift; path = MessageViewController.swift; sourceTree = "<group>"; };
		C7D8F33D2613F5E80027726E /* EonilFSEvents */ = {isa = PBXFileReference; lastKnownFileType = folder; path = EonilFSEvents; sourceTree = "<group>"; };
/* End PBXFileReference section */

/* Begin PBXFrameworksBuildPhase section */
		C713B007260FA2FC001510D0 /* Frameworks */ = {
			isa = PBXFrameworksBuildPhase;
			buildActionMask = 2147483647;
			files = (
				C7D8F34226151BCE0027726E /* EonilFSEvents in Frameworks */,
			);
			runOnlyForDeploymentPostprocessing = 0;
		};
/* End PBXFrameworksBuildPhase section */

/* Begin PBXGroup section */
		C713B001260FA2FC001510D0 = {
			isa = PBXGroup;
			children = (
				C7946DB52613E572001FB632 /* FileWatch.swift */,
				C713B00C260FA2FC001510D0 /* FileWatch */,
				C713B00B260FA2FC001510D0 /* Products */,
			);
			sourceTree = "<group>";
		};
		C713B00B260FA2FC001510D0 /* Products */ = {
			isa = PBXGroup;
			children = (
				C713B00A260FA2FC001510D0 /* FileWatch.app */,
			);
			name = Products;
			sourceTree = "<group>";
		};
		C713B00C260FA2FC001510D0 /* FileWatch */ = {
			isa = PBXGroup;
			children = (
				C713B00D260FA2FC001510D0 /* AppDelegate.swift */,
				C7ABF37E26225E5300F71C40 /* MessageViewController.swift */,
				C7946DB2261117FF001FB632 /* DirectoryMonitor.swift */,
				C713B00F260FA2FC001510D0 /* ViewController.swift */,
				C713B01E260FB7B7001510D0 /* CustomTableCell.swift */,
				C713B011260FA2FD001510D0 /* Assets.xcassets */,
				C713B013260FA2FD001510D0 /* Main.storyboard */,
				C713B016260FA2FD001510D0 /* Info.plist */,
				C713B017260FA2FD001510D0 /* FileWatch.entitlements */,
				C7D8F33D2613F5E80027726E /* EonilFSEvents */,
			);
			path = FileWatch;
			sourceTree = "<group>";
		};
/* End PBXGroup section */

/* Begin PBXNativeTarget section */
		C713B009260FA2FC001510D0 /* FileWatch */ = {
			isa = PBXNativeTarget;
			buildConfigurationList = C713B01A260FA2FD001510D0 /* Build configuration list for PBXNativeTarget "FileWatch" */;
			buildPhases = (
				C713B006260FA2FC001510D0 /* Sources */,
				C713B007260FA2FC001510D0 /* Frameworks */,
				C713B008260FA2FC001510D0 /* Resources */,
			);
			buildRules = (
			);
			dependencies = (
			);
			name = FileWatch;
			packageProductDependencies = (
				C7D8F34126151BCE0027726E /* EonilFSEvents */,
			);
			productName = FileWatch;
			productReference = C713B00A260FA2FC001510D0 /* FileWatch.app */;
			productType = "com.apple.product-type.application";
		};
/* End PBXNativeTarget section */

/* Begin PBXProject section */
		C713B002260FA2FC001510D0 /* Project object */ = {
			isa = PBXProject;
			attributes = {
				LastSwiftUpdateCheck = 1240;
				LastUpgradeCheck = 1240;
				TargetAttributes = {
					C713B009260FA2FC001510D0 = {
						CreatedOnToolsVersion = 12.4;
					};
				};
			};
			buildConfigurationList = C713B005260FA2FC001510D0 /* Build configuration list for PBXProject "FileWatch" */;
			compatibilityVersion = "Xcode 9.3";
			developmentRegion = en;
			hasScannedForEncodings = 0;
			knownRegions = (
				en,
				Base,
			);
			mainGroup = C713B001260FA2FC001510D0;
			packageReferences = (
				C7D8F34026151BCE0027726E /* XCRemoteSwiftPackageReference "FSEvents" */,
			);
			productRefGroup = C713B00B260FA2FC001510D0 /* Products */;
			projectDirPath = "";
			projectRoot = "";
			targets = (
				C713B009260FA2FC001510D0 /* FileWatch */,
			);
		};
/* End PBXProject section */

/* Begin PBXResourcesBuildPhase section */
		C713B008260FA2FC001510D0 /* Resources */ = {
			isa = PBXResourcesBuildPhase;
			buildActionMask = 2147483647;
			files = (
				C713B012260FA2FD001510D0 /* Assets.xcassets in Resources */,
				C7D8F33E2613F5E80027726E /* EonilFSEvents in Resources */,
				C713B015260FA2FD001510D0 /* Main.storyboard in Resources */,
			);
			runOnlyForDeploymentPostprocessing = 0;
		};
/* End PBXResourcesBuildPhase section */

/* Begin PBXSourcesBuildPhase section */
		C713B006260FA2FC001510D0 /* Sources */ = {
			isa = PBXSourcesBuildPhase;
			buildActionMask = 2147483647;
			files = (
				C713B010260FA2FC001510D0 /* ViewController.swift in Sources */,
				C713B00E260FA2FC001510D0 /* AppDelegate.swift in Sources */,
				C7946DB3261117FF001FB632 /* DirectoryMonitor.swift in Sources */,
				C713B01F260FB7B7001510D0 /* CustomTableCell.swift in Sources */,
				C7ABF38026225E5300F71C40 /* MessageViewController.swift in Sources */,
				C7946DB62613E572001FB632 /* FileWatch.swift in Sources */,
			);
			runOnlyForDeploymentPostprocessing = 0;
		};
/* End PBXSourcesBuildPhase section */

/* Begin PBXVariantGroup section */
		C713B013260FA2FD001510D0 /* Main.storyboard */ = {
			isa = PBXVariantGroup;
			children = (
				C713B014260FA2FD001510D0 /* Base */,
			);
			name = Main.storyboard;
			sourceTree = "<group>";
		};
/* End PBXVariantGroup section */

/* Begin XCBuildConfiguration section */
		C713B018260FA2FD001510D0 /* Debug */ = {
			isa = XCBuildConfiguration;
			buildSettings = {
				ALWAYS_SEARCH_USER_PATHS = NO;
				CLANG_ANALYZER_NONNULL = YES;
				CLANG_ANALYZER_NUMBER_OBJECT_CONVERSION = YES_AGGRESSIVE;
				CLANG_CXX_LANGUAGE_STANDARD = "gnu++14";
				CLANG_CXX_LIBRARY = "libc++";
				CLANG_ENABLE_MODULES = YES;
				CLANG_ENABLE_OBJC_ARC = YES;
				CLANG_ENABLE_OBJC_WEAK = YES;
				CLANG_WARN_BLOCK_CAPTURE_AUTORELEASING = YES;
				CLANG_WARN_BOOL_CONVERSION = YES;
				CLANG_WARN_COMMA = YES;
				CLANG_WARN_CONSTANT_CONVERSION = YES;
				CLANG_WARN_DEPRECATED_OBJC_IMPLEMENTATIONS = YES;
				CLANG_WARN_DIRECT_OBJC_ISA_USAGE = YES_ERROR;
				CLANG_WARN_DOCUMENTATION_COMMENTS = YES;
				CLANG_WARN_EMPTY_BODY = YES;
				CLANG_WARN_ENUM_CONVERSION = YES;
				CLANG_WARN_INFINITE_RECURSION = YES;
				CLANG_WARN_INT_CONVERSION = YES;
				CLANG_WARN_NON_LITERAL_NULL_CONVERSION = YES;
				CLANG_WARN_OBJC_IMPLICIT_RETAIN_SELF = YES;
				CLANG_WARN_OBJC_LITERAL_CONVERSION = YES;
				CLANG_WARN_OBJC_ROOT_CLASS = YES_ERROR;
				CLANG_WARN_QUOTED_INCLUDE_IN_FRAMEWORK_HEADER = YES;
				CLANG_WARN_RANGE_LOOP_ANALYSIS = YES;
				CLANG_WARN_STRICT_PROTOTYPES = YES;
				CLANG_WARN_SUSPICIOUS_MOVE = YES;
				CLANG_WARN_UNGUARDED_AVAILABILITY = YES_AGGRESSIVE;
				CLANG_WARN_UNREACHABLE_CODE = YES;
				CLANG_WARN__DUPLICATE_METHOD_MATCH = YES;
				COPY_PHASE_STRIP = NO;
				DEBUG_INFORMATION_FORMAT = dwarf;
				ENABLE_STRICT_OBJC_MSGSEND = YES;
				ENABLE_TESTABILITY = YES;
				GCC_C_LANGUAGE_STANDARD = gnu11;
				GCC_DYNAMIC_NO_PIC = NO;
				GCC_NO_COMMON_BLOCKS = YES;
				GCC_OPTIMIZATION_LEVEL = 0;
				GCC_PREPROCESSOR_DEFINITIONS = (
					"DEBUG=1",
					"$(inherited)",
				);
				GCC_WARN_64_TO_32_BIT_CONVERSION = YES;
				GCC_WARN_ABOUT_RETURN_TYPE = YES_ERROR;
				GCC_WARN_UNDECLARED_SELECTOR = YES;
				GCC_WARN_UNINITIALIZED_AUTOS = YES_AGGRESSIVE;
				GCC_WARN_UNUSED_FUNCTION = YES;
				GCC_WARN_UNUSED_VARIABLE = YES;
				MACOSX_DEPLOYMENT_TARGET = 11.1;
				MTL_ENABLE_DEBUG_INFO = INCLUDE_SOURCE;
				MTL_FAST_MATH = YES;
				ONLY_ACTIVE_ARCH = YES;
				SDKROOT = macosx;
				SWIFT_ACTIVE_COMPILATION_CONDITIONS = DEBUG;
				SWIFT_OPTIMIZATION_LEVEL = "-Onone";
			};
			name = Debug;
		};
		C713B019260FA2FD001510D0 /* Release */ = {
			isa = XCBuildConfiguration;
			buildSettings = {
				ALWAYS_SEARCH_USER_PATHS = NO;
				CLANG_ANALYZER_NONNULL = YES;
				CLANG_ANALYZER_NUMBER_OBJECT_CONVERSION = YES_AGGRESSIVE;
				CLANG_CXX_LANGUAGE_STANDARD = "gnu++14";
				CLANG_CXX_LIBRARY = "libc++";
				CLANG_ENABLE_MODULES = YES;
				CLANG_ENABLE_OBJC_ARC = YES;
				CLANG_ENABLE_OBJC_WEAK = YES;
				CLANG_WARN_BLOCK_CAPTURE_AUTORELEASING = YES;
				CLANG_WARN_BOOL_CONVERSION = YES;
				CLANG_WARN_COMMA = YES;
				CLANG_WARN_CONSTANT_CONVERSION = YES;
				CLANG_WARN_DEPRECATED_OBJC_IMPLEMENTATIONS = YES;
				CLANG_WARN_DIRECT_OBJC_ISA_USAGE = YES_ERROR;
				CLANG_WARN_DOCUMENTATION_COMMENTS = YES;
				CLANG_WARN_EMPTY_BODY = YES;
				CLANG_WARN_ENUM_CONVERSION = YES;
				CLANG_WARN_INFINITE_RECURSION = YES;
				CLANG_WARN_INT_CONVERSION = YES;
				CLANG_WARN_NON_LITERAL_NULL_CONVERSION = YES;
				CLANG_WARN_OBJC_IMPLICIT_RETAIN_SELF = YES;
				CLANG_WARN_OBJC_LITERAL_CONVERSION = YES;
				CLANG_WARN_OBJC_ROOT_CLASS = YES_ERROR;
				CLANG_WARN_QUOTED_INCLUDE_IN_FRAMEWORK_HEADER = YES;
				CLANG_WARN_RANGE_LOOP_ANALYSIS = YES;
				CLANG_WARN_STRICT_PROTOTYPES = YES;
				CLANG_WARN_SUSPICIOUS_MOVE = YES;
				CLANG_WARN_UNGUARDED_AVAILABILITY = YES_AGGRESSIVE;
				CLANG_WARN_UNREACHABLE_CODE = YES;
				CLANG_WARN__DUPLICATE_METHOD_MATCH = YES;
				COPY_PHASE_STRIP = NO;
				DEBUG_INFORMATION_FORMAT = "dwarf-with-dsym";
				ENABLE_NS_ASSERTIONS = NO;
				ENABLE_STRICT_OBJC_MSGSEND = YES;
				GCC_C_LANGUAGE_STANDARD = gnu11;
				GCC_NO_COMMON_BLOCKS = YES;
				GCC_WARN_64_TO_32_BIT_CONVERSION = YES;
				GCC_WARN_ABOUT_RETURN_TYPE = YES_ERROR;
				GCC_WARN_UNDECLARED_SELECTOR = YES;
				GCC_WARN_UNINITIALIZED_AUTOS = YES_AGGRESSIVE;
				GCC_WARN_UNUSED_FUNCTION = YES;
				GCC_WARN_UNUSED_VARIABLE = YES;
				MACOSX_DEPLOYMENT_TARGET = 11.1;
				MTL_ENABLE_DEBUG_INFO = NO;
				MTL_FAST_MATH = YES;
				SDKROOT = macosx;
				SWIFT_COMPILATION_MODE = wholemodule;
				SWIFT_OPTIMIZATION_LEVEL = "-O";
			};
			name = Release;
		};
		C713B01B260FA2FD001510D0 /* Debug */ = {
			isa = XCBuildConfiguration;
			buildSettings = {
				ASSETCATALOG_COMPILER_APPICON_NAME = AppIcon;
				ASSETCATALOG_COMPILER_GLOBAL_ACCENT_COLOR_NAME = AccentColor;
				CODE_SIGN_ENTITLEMENTS = FileWatch/FileWatch.entitlements;
				CODE_SIGN_STYLE = Automatic;
				COMBINE_HIDPI_IMAGES = YES;
				CURRENT_PROJECT_VERSION = 2;
				DEVELOPMENT_TEAM = FP5KVVVJLP;
				ENABLE_HARDENED_RUNTIME = YES;
				INFOPLIST_FILE = FileWatch/Info.plist;
				LD_RUNPATH_SEARCH_PATHS = (
					"$(inherited)",
					"@executable_path/../Frameworks",
				);
				MARKETING_VERSION = 1.1;
				PRODUCT_BUNDLE_IDENTIFIER = kloosterman.eu.FileWatch;
				PRODUCT_NAME = "$(TARGET_NAME)";
				SWIFT_VERSION = 5.0;
			};
			name = Debug;
		};
		C713B01C260FA2FD001510D0 /* Release */ = {
			isa = XCBuildConfiguration;
			buildSettings = {
				ASSETCATALOG_COMPILER_APPICON_NAME = AppIcon;
				ASSETCATALOG_COMPILER_GLOBAL_ACCENT_COLOR_NAME = AccentColor;
				CODE_SIGN_ENTITLEMENTS = FileWatch/FileWatch.entitlements;
				CODE_SIGN_STYLE = Automatic;
				COMBINE_HIDPI_IMAGES = YES;
				CURRENT_PROJECT_VERSION = 2;
				DEVELOPMENT_TEAM = FP5KVVVJLP;
				ENABLE_HARDENED_RUNTIME = YES;
				INFOPLIST_FILE = FileWatch/Info.plist;
				LD_RUNPATH_SEARCH_PATHS = (
					"$(inherited)",
					"@executable_path/../Frameworks",
				);
				MARKETING_VERSION = 1.1;
				PRODUCT_BUNDLE_IDENTIFIER = kloosterman.eu.FileWatch;
				PRODUCT_NAME = "$(TARGET_NAME)";
				SWIFT_VERSION = 5.0;
			};
			name = Release;
		};
/* End XCBuildConfiguration section */

/* Begin XCConfigurationList section */
		C713B005260FA2FC001510D0 /* Build configuration list for PBXProject "FileWatch" */ = {
			isa = XCConfigurationList;
			buildConfigurations = (
				C713B018260FA2FD001510D0 /* Debug */,
				C713B019260FA2FD001510D0 /* Release */,
			);
			defaultConfigurationIsVisible = 0;
			defaultConfigurationName = Release;
		};
		C713B01A260FA2FD001510D0 /* Build configuration list for PBXNativeTarget "FileWatch" */ = {
			isa = XCConfigurationList;
			buildConfigurations = (
				C713B01B260FA2FD001510D0 /* Debug */,
				C713B01C260FA2FD001510D0 /* Release */,
			);
			defaultConfigurationIsVisible = 0;
			defaultConfigurationName = Release;
		};
/* End XCConfigurationList section */

/* Begin XCRemoteSwiftPackageReference section */
		C7D8F34026151BCE0027726E /* XCRemoteSwiftPackageReference "FSEvents" */ = {
			isa = XCRemoteSwiftPackageReference;
			repositoryURL = "https://github.com/eonil/FSEvents";
			requirement = {
				kind = upToNextMajorVersion;
				minimumVersion = 0.1.7;
			};
		};
/* End XCRemoteSwiftPackageReference section */

/* Begin XCSwiftPackageProductDependency section */
		C7D8F34126151BCE0027726E /* EonilFSEvents */ = {
			isa = XCSwiftPackageProductDependency;
			package = C7D8F34026151BCE0027726E /* XCRemoteSwiftPackageReference "FSEvents" */;
			productName = EonilFSEvents;
		};
/* End XCSwiftPackageProductDependency section */
	};
	rootObject = C713B002260FA2FC001510D0 /* Project object */;
}
